<Solution>
  <Folder Name="/Solution Items/">
    <File Path=".gitignore" />
  </Folder>
  <Folder Name="/src/">
    <Project Path="src/RZ.Foundation.Audit.Migration/RZ.Foundation.Audit.Migration.csproj" />
    <Project Path="src\RZ.Foundation.Audit\RZ.Foundation.Audit.csproj" Type="C#" />
  </Folder>
</Solution>